lockfileVersion: '9.0'

settings:
  autoInstallPeers: true
  excludeLinksFromLockfile: false

importers:

  .:
    dependencies:
      highlight:
        specifier: ^0.2.4
        version: 0.2.4

packages:

  highlight@0.2.4:
    resolution: {integrity: sha512-TEcWU6BolpDYIaVD91KmaYe/kRZwOmQlLWZGO8DK+Cs555+7mawk2KUnF/dBwcLnrvlCDk/xC+BXfz7Zva+Jfg==}
    deprecated: Not maintained anymore

snapshots:

  highlight@0.2.4: {}
